PODS:
  - Alamofire (5.6.1)
  - RxAlamofire (6.1.1):
    - RxAlamofire/Core (= 6.1.1)
  - RxAlamofire/Core (6.1.1):
    - Alamofire (~> 5.4)
    - RxSwift (~> 6.0)
  - RxCocoa (6.5.0):
    - RxRelay (= 6.5.0)
    - RxSwift (= 6.5.0)
  - RxRelay (6.5.0):
    - RxSwift (= 6.5.0)
  - RxSwift (6.5.0)
  - SDWebImage (5.12.5):
    - SDWebImage/Core (= 5.12.5)
  - SDWebImage/Core (5.12.5)

DEPENDENCIES:
  - Alamofire
  - RxAlamofire
  - RxCocoa (= 6.5.0)
  - RxSwift (= 6.5.0)
  - SDWebImage

SPEC REPOS:
  trunk:
    - Alamofire
    - RxAlamofire
    - RxCocoa
    - RxRelay
    - RxSwift
    - SDWebImage

SPEC CHECKSUMS:
  Alamofire: 87bd8c952f9a4454320fce00d9cc3de57bcadaf5
  RxAlamofire: beb75a1c452d0de225651db4903f5d29d034a620
  RxCocoa: 94f817b71c07517321eb4f9ad299112ca8af743b
  RxRelay: 1de1523e604c72b6c68feadedd1af3b1b4d0ecbd
  RxSwift: 5710a9e6b17f3c3d6e40d6e559b9fa1e813b2ef8
  SDWebImage: 0905f1b7760fc8ac4198cae0036600d67478751e

PODFILE CHECKSUM: 3b1ff185471970468e308c7d700c255d1c9f01da

COCOAPODS: 1.11.3
